{
  "version": 4,
  "terraform_version": "1.1.6",
  "serial": 139,
  "lineage": "5ad23338-aea9-f5fd-3da8-69c2672d7fc7",
  "outputs": {},
  "resources": [
    {
      "mode": "managed",
      "type": "proxmox_lxc",
      "name": "my_container",
      "provider": "provider[\"registry.terraform.io/telmate/proxmox\"]",
      "instances": [
        {
          "schema_version": 0,
          "attributes": {
            "arch": "amd64",
            "bwlimit": 0,
            "clone": null,
            "clone_storage": null,
            "cmode": "tty",
            "console": true,
            "cores": 1,
            "cpulimit": 0,
            "cpuunits": 1024,
            "description": "",
            "features": [],
            "force": false,
            "full": null,
            "hagroup": "",
            "hastate": "",
            "hookscript": "",
            "hostname": "ganymede",
            "id": "ns3077523/lxc/802",
            "ignore_unpack_errors": false,
            "lock": "",
            "memory": 512,
            "mountpoint": [],
            "nameserver": "",
            "network": [
              {
                "bridge": "vmbr0",
                "firewall": false,
                "gw": "147.135.129.254",
                "gw6": "",
                "hwaddr": "02:00:00:e4:56:d2",
                "ip": "213.32.112.171/32",
                "ip6": "",
                "mtu": 0,
                "name": "eth0",
                "rate": 0,
                "tag": 0,
                "trunks": "",
                "type": "veth"
              }
            ],
            "onboot": false,
            "ostemplate": "template:vztmpl/debian-11-standard_11.0-1_amd64.tar.gz",
            "ostype": "debian",
            "password": "AwasawA1234",
            "pool": "CT-TEST",
            "protection": false,
            "restore": false,
            "rootfs": [
              {
                "size": "10G",
                "storage": "backup",
                "volume": "backup:802/vm-802-disk-0.raw"
              }
            ],
            "searchdomain": "gwath-land.fr",
            "ssh_public_keys": "ssh-ed25519 AAAAC3NzaC1lZDI1NTE5AAAAIHo+vkYbYsM1IRjfh18KbkP0inFL6LfVZV5aKxm2jwhU gwatharta@oxygene-14/10/2020\r\nssh-ed25519 AAAAC3NzaC1lZDI1NTE5AAAAIGRcoQQLa0PB7j9kjF2SJ8xpfW97nktu69AEdcejhDry domino659 15/02/2022\r\n",
            "start": true,
            "startup": "",
            "swap": 512,
            "tags": "",
            "target_node": "ns3077523",
            "template": false,
            "timeouts": null,
            "tty": 2,
            "unique": false,
            "unprivileged": true,
            "unused": [],
            "vmid": 802
          },
          "sensitive_attributes": [],
          "private": "eyJlMmJmYjczMC1lY2FhLTExZTYtOGY4OC0zNDM2M2JjN2M0YzAiOnsiY3JlYXRlIjozMDAwMDAwMDAwMDAsImRlZmF1bHQiOjMwMDAwMDAwMDAwMCwiZGVsZXRlIjoxODAwMDAwMDAwMDAsInJlYWQiOjE4MDAwMDAwMDAwMCwidXBkYXRlIjoxODAwMDAwMDAwMDB9fQ=="
        }
      ]
    }
  ]
}
